[[package]]
name = "appdirs"
version = "1.4.4"
description = "A small Python module for determining appropriate platform-specific dirs, e.g. a \"user data dir\"."
category = "dev"
optional = false
python-versions = "*"

[[package]]
name = "asgiref"
version = "3.4.1"
description = "ASGI specs, helper code, and adapters"
category = "main"
optional = false
python-versions = ">=3.6"

[package.extras]
tests = ["pytest", "pytest-asyncio", "mypy (>=0.800)"]

[[package]]
name = "black"
version = "21.7b0"
description = "The uncompromising code formatter."
category = "dev"
optional = false
python-versions = ">=3.6.2"

[package.dependencies]
appdirs = "*"
click = ">=7.1.2"
mypy-extensions = ">=0.4.3"
pathspec = ">=0.8.1,<1"
regex = ">=2020.1.8"
tomli = ">=0.2.6,<2.0.0"

[package.extras]
colorama = ["colorama (>=0.4.3)"]
d = ["aiohttp (>=3.6.0)", "aiohttp-cors (>=0.4.0)"]
python2 = ["typed-ast (>=1.4.2)"]
uvloop = ["uvloop (>=0.15.2)"]

[[package]]
name = "click"
version = "8.0.1"
description = "Composable command line interface toolkit"
category = "main"
optional = false
python-versions = ">=3.6"

[package.dependencies]
colorama = {version = "*", markers = "platform_system == \"Windows\""}

[[package]]
name = "colorama"
version = "0.4.4"
description = "Cross-platform colored terminal text."
category = "main"
optional = false
python-versions = ">=2.7, !=3.0.*, !=3.1.*, !=3.2.*, !=3.3.*, !=3.4.*"

[[package]]
name = "django"
version = "3.2.5"
description = "A high-level Python Web framework that encourages rapid development and clean, pragmatic design."
category = "main"
optional = false
python-versions = ">=3.6"

[package.dependencies]
asgiref = ">=3.3.2,<4"
pytz = "*"
sqlparse = ">=0.2.2"

[package.extras]
argon2 = ["argon2-cffi (>=19.1.0)"]
bcrypt = ["bcrypt"]

[[package]]
name = "djangorestframework"
version = "3.12.4"
description = "Web APIs for Django, made easy."
category = "main"
optional = false
python-versions = ">=3.5"

[package.dependencies]
django = ">=2.2"

[[package]]
name = "djangorestframework-simplejwt"
version = "4.7.2"
description = "A minimal JSON Web Token authentication plugin for Django REST Framework"
category = "main"
optional = false
python-versions = ">=3.7"

[package.dependencies]
django = "*"
djangorestframework = "*"
pyjwt = ">=2,<3"

[package.extras]
dev = ["pytest-watch", "wheel", "twine", "ipython", "cryptography", "pytest-cov", "pytest-django", "pytest-xdist", "pytest", "tox", "flake8", "pep8", "isort", "Sphinx (>=1.6.5,<2)", "sphinx-rtd-theme (>=0.1.9)", "python-jose (==3.0.0)"]
doc = ["Sphinx (>=1.6.5,<2)", "sphinx-rtd-theme (>=0.1.9)"]
lint = ["flake8", "pep8", "isort"]
python-jose = ["python-jose (==3.0.0)"]
test = ["cryptography", "pytest-cov", "pytest-django", "pytest-xdist", "pytest", "tox"]

[[package]]
name = "gunicorn"
version = "20.1.0"
description = "WSGI HTTP Server for UNIX"
category = "main"
optional = false
python-versions = ">=3.5"

[package.extras]
eventlet = ["eventlet (>=0.24.1)"]
gevent = ["gevent (>=1.4.0)"]
setproctitle = ["setproctitle"]
tornado = ["tornado (>=0.2)"]

[[package]]
name = "isort"
version = "5.9.2"
description = "A Python utility / library to sort Python imports."
category = "dev"
optional = false
python-versions = ">=3.6.1,<4.0"

[package.extras]
pipfile_deprecated_finder = ["pipreqs", "requirementslib"]
requirements_deprecated_finder = ["pipreqs", "pip-api"]
colors = ["colorama (>=0.4.3,<0.5.0)"]
plugins = ["setuptools"]

[[package]]
name = "joblib"
version = "1.0.1"
description = "Lightweight pipelining with Python functions"
category = "main"
optional = false
python-versions = ">=3.6"

[[package]]
name = "mypy-extensions"
version = "0.4.3"
description = "Experimental type system extensions for programs checked with the mypy typechecker."
category = "dev"
optional = false
python-versions = "*"

[[package]]
name = "nltk"
version = "3.6.2"
description = "Natural Language Toolkit"
category = "main"
optional = false
python-versions = ">=3.5.*"

[package.dependencies]
click = "*"
joblib = "*"
regex = "*"
tqdm = "*"

[package.extras]
all = ["matplotlib", "twython", "scipy", "numpy", "gensim (<4.0.0)", "python-crfsuite", "pyparsing", "scikit-learn", "requests"]
corenlp = ["requests"]
machine_learning = ["gensim (<4.0.0)", "numpy", "python-crfsuite", "scikit-learn", "scipy"]
plot = ["matplotlib"]
tgrep = ["pyparsing"]
twitter = ["twython"]

[[package]]
name = "numpy"
version = "1.21.1"
description = "NumPy is the fundamental package for array computing with Python."
category = "main"
optional = false
python-versions = ">=3.7"

[[package]]
name = "pandas"
version = "1.3.1"
description = "Powerful data structures for data analysis, time series, and statistics"
category = "main"
optional = false
python-versions = ">=3.7.1"

[package.dependencies]
numpy = ">=1.17.3"
python-dateutil = ">=2.7.3"
pytz = ">=2017.3"

[package.extras]
test = ["hypothesis (>=3.58)", "pytest (>=6.0)", "pytest-xdist"]

[[package]]
name = "pathspec"
version = "0.9.0"
description = "Utility library for gitignore style pattern matching of file paths."
category = "dev"
optional = false
python-versions = "!=3.0.*,!=3.1.*,!=3.2.*,!=3.3.*,!=3.4.*,>=2.7"

[[package]]
name = "pillow"
version = "8.3.1"
description = "Python Imaging Library (Fork)"
category = "main"
optional = false
python-versions = ">=3.6"

[[package]]
name = "psycopg2"
version = "2.9.1"
description = "psycopg2 - Python-PostgreSQL Database Adapter"
category = "main"
optional = false
python-versions = ">=3.6"

[[package]]
name = "pyjwt"
version = "2.1.0"
description = "JSON Web Token implementation in Python"
category = "main"
optional = false
python-versions = ">=3.6"

[package.extras]
crypto = ["cryptography (>=3.3.1,<4.0.0)"]
dev = ["sphinx", "sphinx-rtd-theme", "zope.interface", "cryptography (>=3.3.1,<4.0.0)", "pytest (>=6.0.0,<7.0.0)", "coverage[toml] (==5.0.4)", "mypy", "pre-commit"]
docs = ["sphinx", "sphinx-rtd-theme", "zope.interface"]
tests = ["pytest (>=6.0.0,<7.0.0)", "coverage[toml] (==5.0.4)"]

[[package]]
name = "python-dateutil"
version = "2.8.2"
description = "Extensions to the standard Python datetime module"
category = "main"
optional = false
python-versions = "!=3.0.*,!=3.1.*,!=3.2.*,>=2.7"

[package.dependencies]
six = ">=1.5"

[[package]]
name = "python-dotenv"
version = "0.17.1"
description = "Read key-value pairs from a .env file and set them as environment variables"
category = "main"
optional = false
python-versions = "*"

[package.extras]
cli = ["click (>=5.0)"]

[[package]]
name = "pytz"
version = "2021.1"
description = "World timezone definitions, modern and historical"
category = "main"
optional = false
python-versions = "*"

[[package]]
name = "regex"
version = "2021.7.6"
description = "Alternative regular expression module, to replace re."
category = "main"
optional = false
python-versions = "*"

[[package]]
name = "scikit-learn"
version = "0.24.2"
description = "A set of python modules for machine learning and data mining"
category = "main"
optional = false
python-versions = ">=3.6"

[package.dependencies]
joblib = ">=0.11"
numpy = ">=1.13.3"
scipy = ">=0.19.1"
threadpoolctl = ">=2.0.0"

[package.extras]
benchmark = ["matplotlib (>=2.1.1)", "pandas (>=0.25.0)", "memory-profiler (>=0.57.0)"]
docs = ["matplotlib (>=2.1.1)", "scikit-image (>=0.13)", "pandas (>=0.25.0)", "seaborn (>=0.9.0)", "memory-profiler (>=0.57.0)", "sphinx (>=3.2.0)", "sphinx-gallery (>=0.7.0)", "numpydoc (>=1.0.0)", "Pillow (>=7.1.2)", "sphinx-prompt (>=1.3.0)"]
examples = ["matplotlib (>=2.1.1)", "scikit-image (>=0.13)", "pandas (>=0.25.0)", "seaborn (>=0.9.0)"]
tests = ["matplotlib (>=2.1.1)", "scikit-image (>=0.13)", "pandas (>=0.25.0)", "pytest (>=5.0.1)", "pytest-cov (>=2.9.0)", "flake8 (>=3.8.2)", "mypy (>=0.770)", "pyamg (>=4.0.0)"]

[[package]]
name = "scipy"
version = "1.6.1"
description = "SciPy: Scientific Library for Python"
category = "main"
optional = false
python-versions = ">=3.7"

[package.dependencies]
numpy = ">=1.16.5"

[[package]]
name = "six"
version = "1.16.0"
description = "Python 2 and 3 compatibility utilities"
category = "main"
optional = false
python-versions = ">=2.7, !=3.0.*, !=3.1.*, !=3.2.*"

[[package]]
name = "sklearn"
version = "0.0"
description = "A set of python modules for machine learning and data mining"
category = "main"
optional = false
python-versions = "*"

[package.dependencies]
scikit-learn = "*"

[[package]]
name = "sqlparse"
version = "0.4.1"
description = "A non-validating SQL parser."
category = "main"
optional = false
python-versions = ">=3.5"

[[package]]
name = "textblob"
version = "0.15.3"
description = "Simple, Pythonic text processing. Sentiment analysis, part-of-speech tagging, noun phrase parsing, and more."
category = "main"
optional = false
python-versions = "*"

[package.dependencies]
nltk = ">=3.1"

[[package]]
name = "threadpoolctl"
version = "2.2.0"
description = "threadpoolctl"
category = "main"
optional = false
python-versions = ">=3.6"

[[package]]
name = "tomli"
version = "1.0.4"
description = "A lil' TOML parser"
category = "dev"
optional = false
python-versions = ">=3.6"

[[package]]
name = "tqdm"
version = "4.62.0"
description = "Fast, Extensible Progress Meter"
category = "main"
optional = false
python-versions = "!=3.0.*,!=3.1.*,!=3.2.*,!=3.3.*,>=2.7"

[package.dependencies]
colorama = {version = "*", markers = "platform_system == \"Windows\""}

[package.extras]
dev = ["py-make (>=0.1.0)", "twine", "wheel"]
notebook = ["ipywidgets (>=6)"]
telegram = ["requests"]

[metadata]
lock-version = "1.1"
python-versions = "^3.8"
content-hash = "376b53cf7e502df00a4a6c9207a56f3b0cc3004049fe777f81c357f32ab44658"

[metadata.files]
appdirs = [
    {file = "appdirs-1.4.4-py2.py3-none-any.whl", hash = "sha256:a841dacd6b99318a741b166adb07e19ee71a274450e68237b4650ca1055ab128"},
    {file = "appdirs-1.4.4.tar.gz", hash = "sha256:7d5d0167b2b1ba821647616af46a749d1c653740dd0d2415100fe26e27afdf41"},
]
asgiref = [
    {file = "asgiref-3.4.1-py3-none-any.whl", hash = "sha256:ffc141aa908e6f175673e7b1b3b7af4fdb0ecb738fc5c8b88f69f055c2415214"},
    {file = "asgiref-3.4.1.tar.gz", hash = "sha256:4ef1ab46b484e3c706329cedeff284a5d40824200638503f5768edb6de7d58e9"},
]
black = [
    {file = "black-21.7b0-py3-none-any.whl", hash = "sha256:1c7aa6ada8ee864db745b22790a32f94b2795c253a75d6d9b5e439ff10d23116"},
    {file = "black-21.7b0.tar.gz", hash = "sha256:c8373c6491de9362e39271630b65b964607bc5c79c83783547d76c839b3aa219"},
]
click = [
    {file = "click-8.0.1-py3-none-any.whl", hash = "sha256:fba402a4a47334742d782209a7c79bc448911afe1149d07bdabdf480b3e2f4b6"},
    {file = "click-8.0.1.tar.gz", hash = "sha256:8c04c11192119b1ef78ea049e0a6f0463e4c48ef00a30160c704337586f3ad7a"},
]
colorama = [
    {file = "colorama-0.4.4-py2.py3-none-any.whl", hash = "sha256:9f47eda37229f68eee03b24b9748937c7dc3868f906e8ba69fbcbdd3bc5dc3e2"},
    {file = "colorama-0.4.4.tar.gz", hash = "sha256:5941b2b48a20143d2267e95b1c2a7603ce057ee39fd88e7329b0c292aa16869b"},
]
django = [
    {file = "Django-3.2.5-py3-none-any.whl", hash = "sha256:c58b5f19c5ae0afe6d75cbdd7df561e6eb929339985dbbda2565e1cabb19a62e"},
    {file = "Django-3.2.5.tar.gz", hash = "sha256:3da05fea54fdec2315b54a563d5b59f3b4e2b1e69c3a5841dda35019c01855cd"},
]
djangorestframework = [
    {file = "djangorestframework-3.12.4-py3-none-any.whl", hash = "sha256:6d1d59f623a5ad0509fe0d6bfe93cbdfe17b8116ebc8eda86d45f6e16e819aaf"},
    {file = "djangorestframework-3.12.4.tar.gz", hash = "sha256:f747949a8ddac876e879190df194b925c177cdeb725a099db1460872f7c0a7f2"},
]
djangorestframework-simplejwt = [
    {file = "djangorestframework_simplejwt-4.7.2-py3-none-any.whl", hash = "sha256:2b53a093f74a60fd27c5be73f47c2e0b11e51af204b72a8b93769733a844e7bb"},
    {file = "djangorestframework_simplejwt-4.7.2.tar.gz", hash = "sha256:1884177b14a9097a98821dca9e76d87d6345bd7a2124a96c249c7eed3677e87b"},
]
gunicorn = [
    {file = "gunicorn-20.1.0-py3-none-any.whl", hash = "sha256:9dcc4547dbb1cb284accfb15ab5667a0e5d1881cc443e0677b4882a4067a807e"},
    {file = "gunicorn-20.1.0.tar.gz", hash = "sha256:e0a968b5ba15f8a328fdfd7ab1fcb5af4470c28aaf7e55df02a99bc13138e6e8"},
]
isort = [
    {file = "isort-5.9.2-py3-none-any.whl", hash = "sha256:eed17b53c3e7912425579853d078a0832820f023191561fcee9d7cae424e0813"},
    {file = "isort-5.9.2.tar.gz", hash = "sha256:f65ce5bd4cbc6abdfbe29afc2f0245538ab358c14590912df638033f157d555e"},
]
joblib = [
    {file = "joblib-1.0.1-py3-none-any.whl", hash = "sha256:feeb1ec69c4d45129954f1b7034954241eedfd6ba39b5e9e4b6883be3332d5e5"},
    {file = "joblib-1.0.1.tar.gz", hash = "sha256:9c17567692206d2f3fb9ecf5e991084254fe631665c450b443761c4186a613f7"},
]
mypy-extensions = [
    {file = "mypy_extensions-0.4.3-py2.py3-none-any.whl", hash = "sha256:090fedd75945a69ae91ce1303b5824f428daf5a028d2f6ab8a299250a846f15d"},
    {file = "mypy_extensions-0.4.3.tar.gz", hash = "sha256:2d82818f5bb3e369420cb3c4060a7970edba416647068eb4c5343488a6c604a8"},
]
nltk = [
    {file = "nltk-3.6.2-py3-none-any.whl", hash = "sha256:240e23ab1ab159ef9940777d30c7c72d7e76d91877099218a7585370c11f6b9e"},
    {file = "nltk-3.6.2.zip", hash = "sha256:57d556abed621ab9be225cc6d2df1edce17572efb67a3d754630c9f8381503eb"},
]
numpy = [
    {file = "numpy-1.21.1-cp37-cp37m-macosx_10_9_x86_64.whl", hash = "sha256:38e8648f9449a549a7dfe8d8755a5979b45b3538520d1e735637ef28e8c2dc50"},
    {file = "numpy-1.21.1-cp37-cp37m-manylinux_2_12_i686.manylinux2010_i686.whl", hash = "sha256:fd7d7409fa643a91d0a05c7554dd68aa9c9bb16e186f6ccfe40d6e003156e33a"},
    {file = "numpy-1.21.1-cp37-cp37m-manylinux_2_12_x86_64.manylinux2010_x86_64.whl", hash = "sha256:a75b4498b1e93d8b700282dc8e655b8bd559c0904b3910b144646dbbbc03e062"},
    {file = "numpy-1.21.1-cp37-cp37m-manylinux_2_17_aarch64.manylinux2014_aarch64.whl", hash = "sha256:1412aa0aec3e00bc23fbb8664d76552b4efde98fb71f60737c83efbac24112f1"},
    {file = "numpy-1.21.1-cp37-cp37m-manylinux_2_5_i686.manylinux1_i686.whl", hash = "sha256:e46ceaff65609b5399163de5893d8f2a82d3c77d5e56d976c8b5fb01faa6b671"},
    {file = "numpy-1.21.1-cp37-cp37m-manylinux_2_5_x86_64.manylinux1_x86_64.whl", hash = "sha256:c6a2324085dd52f96498419ba95b5777e40b6bcbc20088fddb9e8cbb58885e8e"},
    {file = "numpy-1.21.1-cp37-cp37m-win32.whl", hash = "sha256:73101b2a1fef16602696d133db402a7e7586654682244344b8329cdcbbb82172"},
    {file = "numpy-1.21.1-cp37-cp37m-win_amd64.whl", hash = "sha256:7a708a79c9a9d26904d1cca8d383bf869edf6f8e7650d85dbc77b041e8c5a0f8"},
    {file = "numpy-1.21.1-cp38-cp38-macosx_10_9_universal2.whl", hash = "sha256:95b995d0c413f5d0428b3f880e8fe1660ff9396dcd1f9eedbc311f37b5652e16"},
    {file = "numpy-1.21.1-cp38-cp38-macosx_10_9_x86_64.whl", hash = "sha256:635e6bd31c9fb3d475c8f44a089569070d10a9ef18ed13738b03049280281267"},
    {file = "numpy-1.21.1-cp38-cp38-macosx_11_0_arm64.whl", hash = "sha256:4a3d5fb89bfe21be2ef47c0614b9c9c707b7362386c9a3ff1feae63e0267ccb6"},
    {file = "numpy-1.21.1-cp38-cp38-manylinux_2_12_i686.manylinux2010_i686.whl", hash = "sha256:8a326af80e86d0e9ce92bcc1e65c8ff88297de4fa14ee936cb2293d414c9ec63"},
    {file = "numpy-1.21.1-cp38-cp38-manylinux_2_12_x86_64.manylinux2010_x86_64.whl", hash = "sha256:791492091744b0fe390a6ce85cc1bf5149968ac7d5f0477288f78c89b385d9af"},
    {file = "numpy-1.21.1-cp38-cp38-manylinux_2_17_aarch64.manylinux2014_aarch64.whl", hash = "sha256:0318c465786c1f63ac05d7c4dbcecd4d2d7e13f0959b01b534ea1e92202235c5"},
    {file = "numpy-1.21.1-cp38-cp38-manylinux_2_5_i686.manylinux1_i686.whl", hash = "sha256:9a513bd9c1551894ee3d31369f9b07460ef223694098cf27d399513415855b68"},
    {file = "numpy-1.21.1-cp38-cp38-manylinux_2_5_x86_64.manylinux1_x86_64.whl", hash = "sha256:91c6f5fc58df1e0a3cc0c3a717bb3308ff850abdaa6d2d802573ee2b11f674a8"},
    {file = "numpy-1.21.1-cp38-cp38-win32.whl", hash = "sha256:978010b68e17150db8765355d1ccdd450f9fc916824e8c4e35ee620590e234cd"},
    {file = "numpy-1.21.1-cp38-cp38-win_amd64.whl", hash = "sha256:9749a40a5b22333467f02fe11edc98f022133ee1bfa8ab99bda5e5437b831214"},
    {file = "numpy-1.21.1-cp39-cp39-macosx_10_9_universal2.whl", hash = "sha256:d7a4aeac3b94af92a9373d6e77b37691b86411f9745190d2c351f410ab3a791f"},
    {file = "numpy-1.21.1-cp39-cp39-macosx_10_9_x86_64.whl", hash = "sha256:d9e7912a56108aba9b31df688a4c4f5cb0d9d3787386b87d504762b6754fbb1b"},
    {file = "numpy-1.21.1-cp39-cp39-macosx_11_0_arm64.whl", hash = "sha256:25b40b98ebdd272bc3020935427a4530b7d60dfbe1ab9381a39147834e985eac"},
    {file = "numpy-1.21.1-cp39-cp39-manylinux_2_12_i686.manylinux2010_i686.whl", hash = "sha256:8a92c5aea763d14ba9d6475803fc7904bda7decc2a0a68153f587ad82941fec1"},
    {file = "numpy-1.21.1-cp39-cp39-manylinux_2_12_x86_64.manylinux2010_x86_64.whl", hash = "sha256:05a0f648eb28bae4bcb204e6fd14603de2908de982e761a2fc78efe0f19e96e1"},
    {file = "numpy-1.21.1-cp39-cp39-manylinux_2_17_aarch64.manylinux2014_aarch64.whl", hash = "sha256:f01f28075a92eede918b965e86e8f0ba7b7797a95aa8d35e1cc8821f5fc3ad6a"},
    {file = "numpy-1.21.1-cp39-cp39-win32.whl", hash = "sha256:88c0b89ad1cc24a5efbb99ff9ab5db0f9a86e9cc50240177a571fbe9c2860ac2"},
    {file = "numpy-1.21.1-cp39-cp39-win_amd64.whl", hash = "sha256:01721eefe70544d548425a07c80be8377096a54118070b8a62476866d5208e33"},
    {file = "numpy-1.21.1-pp37-pypy37_pp73-manylinux_2_12_x86_64.manylinux2010_x86_64.whl", hash = "sha256:2d4d1de6e6fb3d28781c73fbde702ac97f03d79e4ffd6598b880b2d95d62ead4"},
    {file = "numpy-1.21.1.zip", hash = "sha256:dff4af63638afcc57a3dfb9e4b26d434a7a602d225b42d746ea7fe2edf1342fd"},
]
pandas = [
    {file = "pandas-1.3.1-cp37-cp37m-macosx_10_9_x86_64.whl", hash = "sha256:1ee8418d0f936ff2216513aa03e199657eceb67690995d427a4a7ecd2e68f442"},
    {file = "pandas-1.3.1-cp37-cp37m-manylinux_2_17_aarch64.manylinux2014_aarch64.whl", hash = "sha256:5d9acfca191140a518779d1095036d842d5e5bc8e8ad8b5eaad1aff90fe1870d"},
    {file = "pandas-1.3.1-cp37-cp37m-manylinux_2_17_x86_64.manylinux2014_x86_64.whl", hash = "sha256:e323028ab192fcfe1e8999c012a0fa96d066453bb354c7e7a4a267b25e73d3c8"},
    {file = "pandas-1.3.1-cp37-cp37m-manylinux_2_5_i686.manylinux1_i686.manylinux_2_17_i686.manylinux2014_i686.whl", hash = "sha256:9d06661c6eb741ae633ee1c57e8c432bb4203024e263fe1a077fa3fda7817fdb"},
    {file = "pandas-1.3.1-cp37-cp37m-win32.whl", hash = "sha256:23c7452771501254d2ae23e9e9dac88417de7e6eff3ce64ee494bb94dc88c300"},
    {file = "pandas-1.3.1-cp37-cp37m-win_amd64.whl", hash = "sha256:7150039e78a81eddd9f5a05363a11cadf90a4968aac6f086fd83e66cf1c8d1d6"},
    {file = "pandas-1.3.1-cp38-cp38-macosx_10_9_x86_64.whl", hash = "sha256:5c09a2538f0fddf3895070579082089ff4ae52b6cb176d8ec7a4dacf7e3676c1"},
    {file = "pandas-1.3.1-cp38-cp38-manylinux_2_17_aarch64.manylinux2014_aarch64.whl", hash = "sha256:905fc3e0fcd86b0a9f1f97abee7d36894698d2592b22b859f08ea5a8fe3d3aab"},
    {file = "pandas-1.3.1-cp38-cp38-manylinux_2_17_x86_64.manylinux2014_x86_64.whl", hash = "sha256:5ee927c70794e875a59796fab8047098aa59787b1be680717c141cd7873818ae"},
    {file = "pandas-1.3.1-cp38-cp38-manylinux_2_5_i686.manylinux1_i686.manylinux_2_17_i686.manylinux2014_i686.whl", hash = "sha256:0c976e023ed580e60a82ccebdca8e1cc24d8b1fbb28175eb6521025c127dab66"},
    {file = "pandas-1.3.1-cp38-cp38-win32.whl", hash = "sha256:22f3fcc129fb482ef44e7df2a594f0bd514ac45aabe50da1a10709de1b0f9d84"},
    {file = "pandas-1.3.1-cp38-cp38-win_amd64.whl", hash = "sha256:45656cd59ae9745a1a21271a62001df58342b59c66d50754390066db500a8362"},
    {file = "pandas-1.3.1-cp39-cp39-macosx_10_9_x86_64.whl", hash = "sha256:114c6789d15862508900a25cb4cb51820bfdd8595ea306bab3b53cd19f990b65"},
    {file = "pandas-1.3.1-cp39-cp39-manylinux_2_17_aarch64.manylinux2014_aarch64.whl", hash = "sha256:527c43311894aff131dea99cf418cd723bfd4f0bcf3c3da460f3b57e52a64da5"},
    {file = "pandas-1.3.1-cp39-cp39-manylinux_2_17_x86_64.manylinux2014_x86_64.whl", hash = "sha256:fdb3b33dde260b1766ea4d3c6b8fbf6799cee18d50a2a8bc534cf3550b7c819a"},
    {file = "pandas-1.3.1-cp39-cp39-manylinux_2_5_i686.manylinux1_i686.manylinux_2_17_i686.manylinux2014_i686.whl", hash = "sha256:c28760932283d2c9f6fa5e53d2f77a514163b9e67fd0ee0879081be612567195"},
    {file = "pandas-1.3.1-cp39-cp39-win32.whl", hash = "sha256:be12d77f7e03c40a2466ed00ccd1a5f20a574d3c622fe1516037faa31aa448aa"},
    {file = "pandas-1.3.1-cp39-cp39-win_amd64.whl", hash = "sha256:9e1fe6722cbe27eb5891c1977bca62d456c19935352eea64d33956db46139364"},
    {file = "pandas-1.3.1.tar.gz", hash = "sha256:341935a594db24f3ff07d1b34d1d231786aa9adfa84b76eab10bf42907c8aed3"},
]
pathspec = [
    {file = "pathspec-0.9.0-py2.py3-none-any.whl", hash = "sha256:7d15c4ddb0b5c802d161efc417ec1a2558ea2653c2e8ad9c19098201dc1c993a"},
    {file = "pathspec-0.9.0.tar.gz", hash = "sha256:e564499435a2673d586f6b2130bb5b95f04a3ba06f81b8f895b651a3c76aabb1"},
]
pillow = [
    {file = "Pillow-8.3.1-1-cp36-cp36m-win_amd64.whl", hash = "sha256:fd7eef578f5b2200d066db1b50c4aa66410786201669fb76d5238b007918fb24"},
    {file = "Pillow-8.3.1-1-cp37-cp37m-win_amd64.whl", hash = "sha256:75e09042a3b39e0ea61ce37e941221313d51a9c26b8e54e12b3ececccb71718a"},
    {file = "Pillow-8.3.1-1-cp38-cp38-win_amd64.whl", hash = "sha256:c0e0550a404c69aab1e04ae89cca3e2a042b56ab043f7f729d984bf73ed2a093"},
    {file = "Pillow-8.3.1-1-cp39-cp39-win_amd64.whl", hash = "sha256:479ab11cbd69612acefa8286481f65c5dece2002ffaa4f9db62682379ca3bb77"},
    {file = "Pillow-8.3.1-1-pp37-pypy37_pp73-win_amd64.whl", hash = "sha256:f156d6ecfc747ee111c167f8faf5f4953761b5e66e91a4e6767e548d0f80129c"},
    {file = "Pillow-8.3.1-cp36-cp36m-macosx_10_10_x86_64.whl", hash = "sha256:196560dba4da7a72c5e7085fccc5938ab4075fd37fe8b5468869724109812edd"},
    {file = "Pillow-8.3.1-cp36-cp36m-manylinux_2_17_aarch64.manylinux2014_aarch64.whl", hash = "sha256:29c9569049d04aaacd690573a0398dbd8e0bf0255684fee512b413c2142ab723"},
    {file = "Pillow-8.3.1-cp36-cp36m-manylinux_2_5_i686.manylinux1_i686.whl", hash = "sha256:c088a000dfdd88c184cc7271bfac8c5b82d9efa8637cd2b68183771e3cf56f04"},
    {file = "Pillow-8.3.1-cp36-cp36m-manylinux_2_5_x86_64.manylinux1_x86_64.whl", hash = "sha256:fc214a6b75d2e0ea7745488da7da3c381f41790812988c7a92345978414fad37"},
    {file = "Pillow-8.3.1-cp36-cp36m-win32.whl", hash = "sha256:a17ca41f45cf78c2216ebfab03add7cc350c305c38ff34ef4eef66b7d76c5229"},
    {file = "Pillow-8.3.1-cp36-cp36m-win_amd64.whl", hash = "sha256:67b3666b544b953a2777cb3f5a922e991be73ab32635666ee72e05876b8a92de"},
    {file = "Pillow-8.3.1-cp37-cp37m-macosx_10_10_x86_64.whl", hash = "sha256:ff04c373477723430dce2e9d024c708a047d44cf17166bf16e604b379bf0ca14"},
    {file = "Pillow-8.3.1-cp37-cp37m-manylinux_2_17_aarch64.manylinux2014_aarch64.whl", hash = "sha256:9364c81b252d8348e9cc0cb63e856b8f7c1b340caba6ee7a7a65c968312f7dab"},
    {file = "Pillow-8.3.1-cp37-cp37m-manylinux_2_5_i686.manylinux1_i686.whl", hash = "sha256:a2f381932dca2cf775811a008aa3027671ace723b7a38838045b1aee8669fdcf"},
    {file = "Pillow-8.3.1-cp37-cp37m-manylinux_2_5_x86_64.manylinux1_x86_64.whl", hash = "sha256:d0da39795049a9afcaadec532e7b669b5ebbb2a9134576ebcc15dd5bdae33cc0"},
    {file = "Pillow-8.3.1-cp37-cp37m-win32.whl", hash = "sha256:2b6dfa068a8b6137da34a4936f5a816aba0ecc967af2feeb32c4393ddd671cba"},
    {file = "Pillow-8.3.1-cp37-cp37m-win_amd64.whl", hash = "sha256:a4eef1ff2d62676deabf076f963eda4da34b51bc0517c70239fafed1d5b51500"},
    {file = "Pillow-8.3.1-cp38-cp38-macosx_10_10_x86_64.whl", hash = "sha256:660a87085925c61a0dcc80efb967512ac34dbb256ff7dd2b9b4ee8dbdab58cf4"},
    {file = "Pillow-8.3.1-cp38-cp38-macosx_11_0_arm64.whl", hash = "sha256:15a2808e269a1cf2131930183dcc0419bc77bb73eb54285dde2706ac9939fa8e"},
    {file = "Pillow-8.3.1-cp38-cp38-manylinux_2_17_aarch64.manylinux2014_aarch64.whl", hash = "sha256:969cc558cca859cadf24f890fc009e1bce7d7d0386ba7c0478641a60199adf79"},
    {file = "Pillow-8.3.1-cp38-cp38-manylinux_2_5_i686.manylinux1_i686.whl", hash = "sha256:2ee77c14a0299d0541d26f3d8500bb57e081233e3fa915fa35abd02c51fa7fae"},
    {file = "Pillow-8.3.1-cp38-cp38-manylinux_2_5_x86_64.manylinux1_x86_64.whl", hash = "sha256:c11003197f908878164f0e6da15fce22373ac3fc320cda8c9d16e6bba105b844"},
    {file = "Pillow-8.3.1-cp38-cp38-win32.whl", hash = "sha256:3f08bd8d785204149b5b33e3b5f0ebbfe2190ea58d1a051c578e29e39bfd2367"},
    {file = "Pillow-8.3.1-cp38-cp38-win_amd64.whl", hash = "sha256:70af7d222df0ff81a2da601fab42decb009dc721545ed78549cb96e3a1c5f0c8"},
    {file = "Pillow-8.3.1-cp39-cp39-macosx_10_10_x86_64.whl", hash = "sha256:37730f6e68bdc6a3f02d2079c34c532330d206429f3cee651aab6b66839a9f0e"},
    {file = "Pillow-8.3.1-cp39-cp39-macosx_11_0_arm64.whl", hash = "sha256:4bc3c7ef940eeb200ca65bd83005eb3aae8083d47e8fcbf5f0943baa50726856"},
    {file = "Pillow-8.3.1-cp39-cp39-manylinux_2_17_aarch64.manylinux2014_aarch64.whl", hash = "sha256:c35d09db702f4185ba22bb33ef1751ad49c266534339a5cebeb5159d364f6f82"},
    {file = "Pillow-8.3.1-cp39-cp39-manylinux_2_5_i686.manylinux1_i686.whl", hash = "sha256:0b2efa07f69dc395d95bb9ef3299f4ca29bcb2157dc615bae0b42c3c20668ffc"},
    {file = "Pillow-8.3.1-cp39-cp39-manylinux_2_5_x86_64.manylinux1_x86_64.whl", hash = "sha256:cc866706d56bd3a7dbf8bac8660c6f6462f2f2b8a49add2ba617bc0c54473d83"},
    {file = "Pillow-8.3.1-cp39-cp39-win32.whl", hash = "sha256:9a211b663cf2314edbdb4cf897beeb5c9ee3810d1d53f0e423f06d6ebbf9cd5d"},
    {file = "Pillow-8.3.1-cp39-cp39-win_amd64.whl", hash = "sha256:c2a5ff58751670292b406b9f06e07ed1446a4b13ffced6b6cab75b857485cbc8"},
    {file = "Pillow-8.3.1-pp36-pypy36_pp73-macosx_10_10_x86_64.whl", hash = "sha256:c379425c2707078dfb6bfad2430728831d399dc95a7deeb92015eb4c92345eaf"},
    {file = "Pillow-8.3.1-pp36-pypy36_pp73-manylinux_2_12_i686.manylinux2010_i686.whl", hash = "sha256:114f816e4f73f9ec06997b2fde81a92cbf0777c9e8f462005550eed6bae57e63"},
    {file = "Pillow-8.3.1-pp36-pypy36_pp73-manylinux_2_12_x86_64.manylinux2010_x86_64.whl", hash = "sha256:8960a8a9f4598974e4c2aeb1bff9bdd5db03ee65fd1fce8adf3223721aa2a636"},
    {file = "Pillow-8.3.1-pp37-pypy37_pp73-macosx_10_10_x86_64.whl", hash = "sha256:147bd9e71fb9dcf08357b4d530b5167941e222a6fd21f869c7911bac40b9994d"},
    {file = "Pillow-8.3.1-pp37-pypy37_pp73-manylinux_2_12_i686.manylinux2010_i686.whl", hash = "sha256:1fd5066cd343b5db88c048d971994e56b296868766e461b82fa4e22498f34d77"},
    {file = "Pillow-8.3.1-pp37-pypy37_pp73-manylinux_2_12_x86_64.manylinux2010_x86_64.whl", hash = "sha256:f4ebde71785f8bceb39dcd1e7f06bcc5d5c3cf48b9f69ab52636309387b097c8"},
    {file = "Pillow-8.3.1-pp37-pypy37_pp73-win_amd64.whl", hash = "sha256:1c03e24be975e2afe70dfc5da6f187eea0b49a68bb2b69db0f30a61b7031cee4"},
    {file = "Pillow-8.3.1.tar.gz", hash = "sha256:2cac53839bfc5cece8fdbe7f084d5e3ee61e1303cccc86511d351adcb9e2c792"},
]
psycopg2 = [
    {file = "psycopg2-2.9.1-cp36-cp36m-win32.whl", hash = "sha256:7f91312f065df517187134cce8e395ab37f5b601a42446bdc0f0d51773621854"},
    {file = "psycopg2-2.9.1-cp36-cp36m-win_amd64.whl", hash = "sha256:830c8e8dddab6b6716a4bf73a09910c7954a92f40cf1d1e702fb93c8a919cc56"},
    {file = "psycopg2-2.9.1-cp37-cp37m-win32.whl", hash = "sha256:89409d369f4882c47f7ea20c42c5046879ce22c1e4ea20ef3b00a4dfc0a7f188"},
    {file = "psycopg2-2.9.1-cp37-cp37m-win_amd64.whl", hash = "sha256:7640e1e4d72444ef012e275e7b53204d7fab341fb22bc76057ede22fe6860b25"},
    {file = "psycopg2-2.9.1-cp38-cp38-win32.whl", hash = "sha256:079d97fc22de90da1d370c90583659a9f9a6ee4007355f5825e5f1c70dffc1fa"},
    {file = "psycopg2-2.9.1-cp38-cp38-win_amd64.whl", hash = "sha256:2c992196719fadda59f72d44603ee1a2fdcc67de097eea38d41c7ad9ad246e62"},
    {file = "psycopg2-2.9.1-cp39-cp39-win32.whl", hash = "sha256:2087013c159a73e09713294a44d0c8008204d06326006b7f652bef5ace66eebb"},
    {file = "psycopg2-2.9.1-cp39-cp39-win_amd64.whl", hash = "sha256:bf35a25f1aaa8a3781195595577fcbb59934856ee46b4f252f56ad12b8043bcf"},
    {file = "psycopg2-2.9.1.tar.gz", hash = "sha256:de5303a6f1d0a7a34b9d40e4d3bef684ccc44a49bbe3eb85e3c0bffb4a131b7c"},
]
pyjwt = [
    {file = "PyJWT-2.1.0-py3-none-any.whl", hash = "sha256:934d73fbba91b0483d3857d1aff50e96b2a892384ee2c17417ed3203f173fca1"},
    {file = "PyJWT-2.1.0.tar.gz", hash = "sha256:fba44e7898bbca160a2b2b501f492824fc8382485d3a6f11ba5d0c1937ce6130"},
]
python-dateutil = [
    {file = "python-dateutil-2.8.2.tar.gz", hash = "sha256:0123cacc1627ae19ddf3c27a5de5bd67ee4586fbdd6440d9748f8abb483d3e86"},
    {file = "python_dateutil-2.8.2-py2.py3-none-any.whl", hash = "sha256:961d03dc3453ebbc59dbdea9e4e11c5651520a876d0f4db161e8674aae935da9"},
]
python-dotenv = [
    {file = "python-dotenv-0.17.1.tar.gz", hash = "sha256:b1ae5e9643d5ed987fc57cc2583021e38db531946518130777734f9589b3141f"},
    {file = "python_dotenv-0.17.1-py2.py3-none-any.whl", hash = "sha256:00aa34e92d992e9f8383730816359647f358f4a3be1ba45e5a5cefd27ee91544"},
]
pytz = [
    {file = "pytz-2021.1-py2.py3-none-any.whl", hash = "sha256:eb10ce3e7736052ed3623d49975ce333bcd712c7bb19a58b9e2089d4057d0798"},
    {file = "pytz-2021.1.tar.gz", hash = "sha256:83a4a90894bf38e243cf052c8b58f381bfe9a7a483f6a9cab140bc7f702ac4da"},
]
regex = [
    {file = "regex-2021.7.6-cp36-cp36m-macosx_10_9_x86_64.whl", hash = "sha256:e6a1e5ca97d411a461041d057348e578dc344ecd2add3555aedba3b408c9f874"},
    {file = "regex-2021.7.6-cp36-cp36m-manylinux1_i686.whl", hash = "sha256:6afe6a627888c9a6cfbb603d1d017ce204cebd589d66e0703309b8048c3b0854"},
    {file = "regex-2021.7.6-cp36-cp36m-manylinux1_x86_64.whl", hash = "sha256:ccb3d2190476d00414aab36cca453e4596e8f70a206e2aa8db3d495a109153d2"},
    {file = "regex-2021.7.6-cp36-cp36m-manylinux2010_i686.whl", hash = "sha256:ed693137a9187052fc46eedfafdcb74e09917166362af4cc4fddc3b31560e93d"},
    {file = "regex-2021.7.6-cp36-cp36m-manylinux2010_x86_64.whl", hash = "sha256:99d8ab206a5270c1002bfcf25c51bf329ca951e5a169f3b43214fdda1f0b5f0d"},
    {file = "regex-2021.7.6-cp36-cp36m-manylinux2014_i686.whl", hash = "sha256:b85ac458354165405c8a84725de7bbd07b00d9f72c31a60ffbf96bb38d3e25fa"},
    {file = "regex-2021.7.6-cp36-cp36m-manylinux2014_x86_64.whl", hash = "sha256:3f5716923d3d0bfb27048242a6e0f14eecdb2e2a7fac47eda1d055288595f222"},
    {file = "regex-2021.7.6-cp36-cp36m-manylinux_2_17_aarch64.manylinux2014_aarch64.whl", hash = "sha256:e5983c19d0beb6af88cb4d47afb92d96751fb3fa1784d8785b1cdf14c6519407"},
    {file = "regex-2021.7.6-cp36-cp36m-manylinux_2_17_x86_64.manylinux2014_x86_64.whl", hash = "sha256:bf1d2d183abc7faa101ebe0b8d04fd19cb9138820abc8589083035c9440b8ca6"},
    {file = "regex-2021.7.6-cp36-cp36m-manylinux_2_5_i686.manylinux1_i686.manylinux_2_12_i686.manylinux2010_i686.whl", hash = "sha256:1947e7de155063e1c495c50590229fb98720d4c383af5031bbcb413db33fa1be"},
    {file = "regex-2021.7.6-cp36-cp36m-manylinux_2_5_i686.manylinux1_i686.manylinux_2_17_i686.manylinux2014_i686.whl", hash = "sha256:17d8a3f99b18d87ac54a449b836d485cc8c195bb6f5e4379c84c8519045facc9"},
    {file = "regex-2021.7.6-cp36-cp36m-manylinux_2_5_x86_64.manylinux1_x86_64.manylinux_2_12_x86_64.manylinux2010_x86_64.whl", hash = "sha256:d30895ec80cc80358392841add9dde81ea1d54a4949049269115e6b0555d0498"},
    {file = "regex-2021.7.6-cp36-cp36m-win32.whl", hash = "sha256:c92831dac113a6e0ab28bc98f33781383fe294df1a2c3dfd1e850114da35fd5b"},
    {file = "regex-2021.7.6-cp36-cp36m-win_amd64.whl", hash = "sha256:791aa1b300e5b6e5d597c37c346fb4d66422178566bbb426dd87eaae475053fb"},
    {file = "regex-2021.7.6-cp37-cp37m-macosx_10_9_x86_64.whl", hash = "sha256:59506c6e8bd9306cd8a41511e32d16d5d1194110b8cfe5a11d102d8b63cf945d"},
    {file = "regex-2021.7.6-cp37-cp37m-manylinux1_i686.whl", hash = "sha256:564a4c8a29435d1f2256ba247a0315325ea63335508ad8ed938a4f14c4116a5d"},
    {file = "regex-2021.7.6-cp37-cp37m-manylinux1_x86_64.whl", hash = "sha256:59c00bb8dd8775473cbfb967925ad2c3ecc8886b3b2d0c90a8e2707e06c743f0"},
    {file = "regex-2021.7.6-cp37-cp37m-manylinux2010_i686.whl", hash = "sha256:9a854b916806c7e3b40e6616ac9e85d3cdb7649d9e6590653deb5b341a736cec"},
    {file = "regex-2021.7.6-cp37-cp37m-manylinux2010_x86_64.whl", hash = "sha256:db2b7df831c3187a37f3bb80ec095f249fa276dbe09abd3d35297fc250385694"},
    {file = "regex-2021.7.6-cp37-cp37m-manylinux2014_i686.whl", hash = "sha256:173bc44ff95bc1e96398c38f3629d86fa72e539c79900283afa895694229fe6a"},
    {file = "regex-2021.7.6-cp37-cp37m-manylinux2014_x86_64.whl", hash = "sha256:15dddb19823f5147e7517bb12635b3c82e6f2a3a6b696cc3e321522e8b9308ad"},
    {file = "regex-2021.7.6-cp37-cp37m-manylinux_2_17_aarch64.manylinux2014_aarch64.whl", hash = "sha256:2ddeabc7652024803666ea09f32dd1ed40a0579b6fbb2a213eba590683025895"},
    {file = "regex-2021.7.6-cp37-cp37m-manylinux_2_17_x86_64.manylinux2014_x86_64.whl", hash = "sha256:8244c681018423a0d1784bc6b9af33bdf55f2ab8acb1f3cd9dd83d90e0813253"},
    {file = "regex-2021.7.6-cp37-cp37m-manylinux_2_5_i686.manylinux1_i686.manylinux_2_12_i686.manylinux2010_i686.whl", hash = "sha256:8a4c742089faf0e51469c6a1ad7e3d3d21afae54a16a6cead85209dfe0a1ce65"},
    {file = "regex-2021.7.6-cp37-cp37m-manylinux_2_5_i686.manylinux1_i686.manylinux_2_17_i686.manylinux2014_i686.whl", hash = "sha256:914e626dc8e75fe4fc9b7214763f141d9f40165d00dfe680b104fa1b24063bbf"},
    {file = "regex-2021.7.6-cp37-cp37m-manylinux_2_5_x86_64.manylinux1_x86_64.manylinux_2_12_x86_64.manylinux2010_x86_64.whl", hash = "sha256:3fabb19c82ecf39832a3f5060dfea9a7ab270ef156039a1143a29a83a09a62de"},
    {file = "regex-2021.7.6-cp37-cp37m-win32.whl", hash = "sha256:f080248b3e029d052bf74a897b9d74cfb7643537fbde97fe8225a6467fb559b5"},
    {file = "regex-2021.7.6-cp37-cp37m-win_amd64.whl", hash = "sha256:d8bbce0c96462dbceaa7ac4a7dfbbee92745b801b24bce10a98d2f2b1ea9432f"},
    {file = "regex-2021.7.6-cp38-cp38-macosx_10_9_x86_64.whl", hash = "sha256:edd1a68f79b89b0c57339bce297ad5d5ffcc6ae7e1afdb10f1947706ed066c9c"},
    {file = "regex-2021.7.6-cp38-cp38-manylinux1_i686.whl", hash = "sha256:422dec1e7cbb2efbbe50e3f1de36b82906def93ed48da12d1714cabcd993d7f0"},
    {file = "regex-2021.7.6-cp38-cp38-manylinux1_x86_64.whl", hash = "sha256:cbe23b323988a04c3e5b0c387fe3f8f363bf06c0680daf775875d979e376bd26"},
    {file = "regex-2021.7.6-cp38-cp38-manylinux2010_i686.whl", hash = "sha256:0eb2c6e0fcec5e0f1d3bcc1133556563222a2ffd2211945d7b1480c1b1a42a6f"},
    {file = "regex-2021.7.6-cp38-cp38-manylinux2010_x86_64.whl", hash = "sha256:1c78780bf46d620ff4fff40728f98b8afd8b8e35c3efd638c7df67be2d5cddbf"},
    {file = "regex-2021.7.6-cp38-cp38-manylinux2014_i686.whl", hash = "sha256:bc84fb254a875a9f66616ed4538542fb7965db6356f3df571d783f7c8d256edd"},
    {file = "regex-2021.7.6-cp38-cp38-manylinux2014_x86_64.whl", hash = "sha256:598c0a79b4b851b922f504f9f39a863d83ebdfff787261a5ed061c21e67dd761"},
    {file = "regex-2021.7.6-cp38-cp38-manylinux_2_17_aarch64.manylinux2014_aarch64.whl", hash = "sha256:875c355360d0f8d3d827e462b29ea7682bf52327d500a4f837e934e9e4656068"},
    {file = "regex-2021.7.6-cp38-cp38-manylinux_2_17_x86_64.manylinux2014_x86_64.whl", hash = "sha256:dfc0957c4a4b91eff5ad036088769e600a25774256cd0e1154378591ce573f08"},
    {file = "regex-2021.7.6-cp38-cp38-manylinux_2_5_i686.manylinux1_i686.manylinux_2_12_i686.manylinux2010_i686.whl", hash = "sha256:efb4af05fa4d2fc29766bf516f1f5098d6b5c3ed846fde980c18bf8646ad3979"},
    {file = "regex-2021.7.6-cp38-cp38-manylinux_2_5_i686.manylinux1_i686.manylinux_2_17_i686.manylinux2014_i686.whl", hash = "sha256:7423aca7cc30a6228ccdcf2ea76f12923d652c5c7c6dc1959a0b004e308f39fb"},
    {file = "regex-2021.7.6-cp38-cp38-manylinux_2_5_x86_64.manylinux1_x86_64.manylinux_2_12_x86_64.manylinux2010_x86_64.whl", hash = "sha256:bb9834c1e77493efd7343b8e38950dee9797d2d6f2d5fd91c008dfaef64684b9"},
    {file = "regex-2021.7.6-cp38-cp38-win32.whl", hash = "sha256:e586f448df2bbc37dfadccdb7ccd125c62b4348cb90c10840d695592aa1b29e0"},
    {file = "regex-2021.7.6-cp38-cp38-win_amd64.whl", hash = "sha256:2fe5e71e11a54e3355fa272137d521a40aace5d937d08b494bed4529964c19c4"},
    {file = "regex-2021.7.6-cp39-cp39-macosx_10_9_x86_64.whl", hash = "sha256:6110bab7eab6566492618540c70edd4d2a18f40ca1d51d704f1d81c52d245026"},
    {file = "regex-2021.7.6-cp39-cp39-manylinux1_i686.whl", hash = "sha256:4f64fc59fd5b10557f6cd0937e1597af022ad9b27d454e182485f1db3008f417"},
    {file = "regex-2021.7.6-cp39-cp39-manylinux1_x86_64.whl", hash = "sha256:89e5528803566af4df368df2d6f503c84fbfb8249e6631c7b025fe23e6bd0cde"},
    {file = "regex-2021.7.6-cp39-cp39-manylinux2010_i686.whl", hash = "sha256:2366fe0479ca0e9afa534174faa2beae87847d208d457d200183f28c74eaea59"},
    {file = "regex-2021.7.6-cp39-cp39-manylinux2010_x86_64.whl", hash = "sha256:f9392a4555f3e4cb45310a65b403d86b589adc773898c25a39184b1ba4db8985"},
    {file = "regex-2021.7.6-cp39-cp39-manylinux2014_i686.whl", hash = "sha256:2bceeb491b38225b1fee4517107b8491ba54fba77cf22a12e996d96a3c55613d"},
    {file = "regex-2021.7.6-cp39-cp39-manylinux2014_x86_64.whl", hash = "sha256:f98dc35ab9a749276f1a4a38ab3e0e2ba1662ce710f6530f5b0a6656f1c32b58"},
    {file = "regex-2021.7.6-cp39-cp39-manylinux_2_17_aarch64.manylinux2014_aarch64.whl", hash = "sha256:319eb2a8d0888fa6f1d9177705f341bc9455a2c8aca130016e52c7fe8d6c37a3"},
    {file = "regex-2021.7.6-cp39-cp39-manylinux_2_17_x86_64.manylinux2014_x86_64.whl", hash = "sha256:598ee917dbe961dcf827217bf2466bb86e4ee5a8559705af57cbabb3489dd37e"},
    {file = "regex-2021.7.6-cp39-cp39-manylinux_2_5_i686.manylinux1_i686.manylinux_2_12_i686.manylinux2010_i686.whl", hash = "sha256:56fc7045a1999a8d9dd1896715bc5c802dfec5b9b60e883d2cbdecb42adedea4"},
    {file = "regex-2021.7.6-cp39-cp39-manylinux_2_5_i686.manylinux1_i686.manylinux_2_17_i686.manylinux2014_i686.whl", hash = "sha256:e8363ac90ea63c3dd0872dfdb695f38aff3334bfa5712cffb238bd3ffef300e3"},
    {file = "regex-2021.7.6-cp39-cp39-manylinux_2_5_x86_64.manylinux1_x86_64.manylinux_2_12_x86_64.manylinux2010_x86_64.whl", hash = "sha256:716a6db91b3641f566531ffcc03ceec00b2447f0db9942b3c6ea5d2827ad6be3"},
    {file = "regex-2021.7.6-cp39-cp39-win32.whl", hash = "sha256:eaf58b9e30e0e546cdc3ac06cf9165a1ca5b3de8221e9df679416ca667972035"},
    {file = "regex-2021.7.6-cp39-cp39-win_amd64.whl", hash = "sha256:4c9c3155fe74269f61e27617529b7f09552fbb12e44b1189cebbdb24294e6e1c"},
    {file = "regex-2021.7.6.tar.gz", hash = "sha256:8394e266005f2d8c6f0bc6780001f7afa3ef81a7a2111fa35058ded6fce79e4d"},
]
scikit-learn = [
    {file = "scikit-learn-0.24.2.tar.gz", hash = "sha256:d14701a12417930392cd3898e9646cf5670c190b933625ebe7511b1f7d7b8736"},
    {file = "scikit_learn-0.24.2-cp36-cp36m-macosx_10_13_x86_64.whl", hash = "sha256:d5bf9c863ba4717b3917b5227463ee06860fc43931dc9026747de416c0a10fee"},
    {file = "scikit_learn-0.24.2-cp36-cp36m-manylinux1_i686.whl", hash = "sha256:5beaeb091071625e83f5905192d8aecde65ba2f26f8b6719845bbf586f7a04a1"},
    {file = "scikit_learn-0.24.2-cp36-cp36m-manylinux1_x86_64.whl", hash = "sha256:06ffdcaaf81e2a3b1b50c3ac6842cfb13df2d8b737d61f64643ed61da7389cde"},
    {file = "scikit_learn-0.24.2-cp36-cp36m-manylinux2010_i686.whl", hash = "sha256:fec42690a2eb646b384eafb021c425fab48991587edb412d4db77acc358b27ce"},
    {file = "scikit_learn-0.24.2-cp36-cp36m-manylinux2010_x86_64.whl", hash = "sha256:5ff3e4e4cf7592d36541edec434e09fb8ab9ba6b47608c4ffe30c9038d301897"},
    {file = "scikit_learn-0.24.2-cp36-cp36m-manylinux2014_aarch64.whl", hash = "sha256:3cbd734e1aefc7c5080e6b6973fe062f97c26a1cdf1a991037ca196ce1c8f427"},
    {file = "scikit_learn-0.24.2-cp36-cp36m-win32.whl", hash = "sha256:f74429a07fedb36a03c159332b914e6de757176064f9fed94b5f79ebac07d913"},
    {file = "scikit_learn-0.24.2-cp36-cp36m-win_amd64.whl", hash = "sha256:dd968a174aa82f3341a615a033fa6a8169e9320cbb46130686562db132d7f1f0"},
    {file = "scikit_learn-0.24.2-cp37-cp37m-macosx_10_13_x86_64.whl", hash = "sha256:49ec0b1361da328da9bb7f1a162836028e72556356adeb53342f8fae6b450d47"},
    {file = "scikit_learn-0.24.2-cp37-cp37m-manylinux1_i686.whl", hash = "sha256:f18c3ed484eeeaa43a0d45dc2efb4d00fc6542ccdcfa2c45d7b635096a2ae534"},
    {file = "scikit_learn-0.24.2-cp37-cp37m-manylinux1_x86_64.whl", hash = "sha256:cdf24c1b9bbeb4936456b42ac5bd32c60bb194a344951acb6bfb0cddee5439a4"},
    {file = "scikit_learn-0.24.2-cp37-cp37m-manylinux2010_i686.whl", hash = "sha256:d177fe1ff47cc235942d628d41ee5b1c6930d8f009f1a451c39b5411e8d0d4cf"},
    {file = "scikit_learn-0.24.2-cp37-cp37m-manylinux2010_x86_64.whl", hash = "sha256:f3ec00f023d84526381ad0c0f2cff982852d035c921bbf8ceb994f4886c00c64"},
    {file = "scikit_learn-0.24.2-cp37-cp37m-manylinux2014_aarch64.whl", hash = "sha256:ae19ac105cf7ce8c205a46166992fdec88081d6e783ab6e38ecfbe45729f3c39"},
    {file = "scikit_learn-0.24.2-cp37-cp37m-win32.whl", hash = "sha256:f0ed4483c258fb23150e31b91ea7d25ff8495dba108aea0b0d4206a777705350"},
    {file = "scikit_learn-0.24.2-cp37-cp37m-win_amd64.whl", hash = "sha256:39b7e3b71bcb1fe46397185d6c1a5db1c441e71c23c91a31e7ad8cc3f7305f9a"},
    {file = "scikit_learn-0.24.2-cp38-cp38-macosx_10_13_x86_64.whl", hash = "sha256:90a297330f608adeb4d2e9786c6fda395d3150739deb3d42a86d9a4c2d15bc1d"},
    {file = "scikit_learn-0.24.2-cp38-cp38-manylinux1_i686.whl", hash = "sha256:f1d2108e770907540b5248977e4cff9ffaf0f73d0d13445ee938df06ca7579c6"},
    {file = "scikit_learn-0.24.2-cp38-cp38-manylinux1_x86_64.whl", hash = "sha256:1eec963fe9ffc827442c2e9333227c4d49749a44e592f305398c1db5c1563393"},
    {file = "scikit_learn-0.24.2-cp38-cp38-manylinux2010_i686.whl", hash = "sha256:2db429090b98045d71218a9ba913cc9b3fe78e0ba0b6b647d8748bc6d5a44080"},
    {file = "scikit_learn-0.24.2-cp38-cp38-manylinux2010_x86_64.whl", hash = "sha256:62214d2954377fcf3f31ec867dd4e436df80121e7a32947a0b3244f58f45e455"},
    {file = "scikit_learn-0.24.2-cp38-cp38-manylinux2014_aarch64.whl", hash = "sha256:8fac72b9688176922f9f54fda1ba5f7ffd28cbeb9aad282760186e8ceba9139a"},
    {file = "scikit_learn-0.24.2-cp38-cp38-win32.whl", hash = "sha256:ae426e3a52842c6b6d77d00f906b6031c8c2cfdfabd6af7511bb4bc9a68d720e"},
    {file = "scikit_learn-0.24.2-cp38-cp38-win_amd64.whl", hash = "sha256:038f4e9d6ef10e1f3fe82addc3a14735c299866eb10f2c77c090410904828312"},
    {file = "scikit_learn-0.24.2-cp39-cp39-macosx_10_13_x86_64.whl", hash = "sha256:48f273836e19901ba2beecd919f7b352f09310ce67c762f6e53bc6b81cacf1f0"},
    {file = "scikit_learn-0.24.2-cp39-cp39-manylinux1_i686.whl", hash = "sha256:a2a47449093dcf70babc930beba2ca0423cb7df2fa5fd76be5260703d67fa574"},
    {file = "scikit_learn-0.24.2-cp39-cp39-manylinux1_x86_64.whl", hash = "sha256:0e71ce9c7cbc20f6f8b860107ce15114da26e8675238b4b82b7e7cd37ca0c087"},
    {file = "scikit_learn-0.24.2-cp39-cp39-manylinux2010_i686.whl", hash = "sha256:2754c85b2287333f9719db7f23fb7e357f436deed512db3417a02bf6f2830aa5"},
    {file = "scikit_learn-0.24.2-cp39-cp39-manylinux2010_x86_64.whl", hash = "sha256:7be1b88c23cfac46e06404582215a917017cd2edaa2e4d40abe6aaff5458f24b"},
    {file = "scikit_learn-0.24.2-cp39-cp39-manylinux2014_aarch64.whl", hash = "sha256:4e6198675a6f9d333774671bd536668680eea78e2e81c0b19e57224f58d17f37"},
    {file = "scikit_learn-0.24.2-cp39-cp39-win32.whl", hash = "sha256:cbdb0b3db99dd1d5f69d31b4234367d55475add31df4d84a3bd690ef017b55e2"},
    {file = "scikit_learn-0.24.2-cp39-cp39-win_amd64.whl", hash = "sha256:40556bea1ef26ef54bc678d00cf138a63069144a0b5f3a436eecd8f3468b903e"},
]
scipy = [
    {file = "scipy-1.6.1-cp37-cp37m-macosx_10_9_x86_64.whl", hash = "sha256:a15a1f3fc0abff33e792d6049161b7795909b40b97c6cc2934ed54384017ab76"},
    {file = "scipy-1.6.1-cp37-cp37m-manylinux1_i686.whl", hash = "sha256:e79570979ccdc3d165456dd62041d9556fb9733b86b4b6d818af7a0afc15f092"},
    {file = "scipy-1.6.1-cp37-cp37m-manylinux1_x86_64.whl", hash = "sha256:a423533c55fec61456dedee7b6ee7dce0bb6bfa395424ea374d25afa262be261"},
    {file = "scipy-1.6.1-cp37-cp37m-manylinux2014_aarch64.whl", hash = "sha256:33d6b7df40d197bdd3049d64e8e680227151673465e5d85723b3b8f6b15a6ced"},
    {file = "scipy-1.6.1-cp37-cp37m-win32.whl", hash = "sha256:6725e3fbb47da428794f243864f2297462e9ee448297c93ed1dcbc44335feb78"},
    {file = "scipy-1.6.1-cp37-cp37m-win_amd64.whl", hash = "sha256:5fa9c6530b1661f1370bcd332a1e62ca7881785cc0f80c0d559b636567fab63c"},
    {file = "scipy-1.6.1-cp38-cp38-macosx_10_9_x86_64.whl", hash = "sha256:bd50daf727f7c195e26f27467c85ce653d41df4358a25b32434a50d8870fc519"},
    {file = "scipy-1.6.1-cp38-cp38-manylinux1_i686.whl", hash = "sha256:f46dd15335e8a320b0fb4685f58b7471702234cba8bb3442b69a3e1dc329c345"},
    {file = "scipy-1.6.1-cp38-cp38-manylinux1_x86_64.whl", hash = "sha256:0e5b0ccf63155d90da576edd2768b66fb276446c371b73841e3503be1d63fb5d"},
    {file = "scipy-1.6.1-cp38-cp38-manylinux2014_aarch64.whl", hash = "sha256:2481efbb3740977e3c831edfd0bd9867be26387cacf24eb5e366a6a374d3d00d"},
    {file = "scipy-1.6.1-cp38-cp38-win32.whl", hash = "sha256:68cb4c424112cd4be886b4d979c5497fba190714085f46b8ae67a5e4416c32b4"},
    {file = "scipy-1.6.1-cp38-cp38-win_amd64.whl", hash = "sha256:5f331eeed0297232d2e6eea51b54e8278ed8bb10b099f69c44e2558c090d06bf"},
    {file = "scipy-1.6.1-cp39-cp39-macosx_10_9_x86_64.whl", hash = "sha256:0c8a51d33556bf70367452d4d601d1742c0e806cd0194785914daf19775f0e67"},
    {file = "scipy-1.6.1-cp39-cp39-manylinux1_i686.whl", hash = "sha256:83bf7c16245c15bc58ee76c5418e46ea1811edcc2e2b03041b804e46084ab627"},
    {file = "scipy-1.6.1-cp39-cp39-manylinux1_x86_64.whl", hash = "sha256:794e768cc5f779736593046c9714e0f3a5940bc6dcc1dba885ad64cbfb28e9f0"},
    {file = "scipy-1.6.1-cp39-cp39-manylinux2014_aarch64.whl", hash = "sha256:5da5471aed911fe7e52b86bf9ea32fb55ae93e2f0fac66c32e58897cfb02fa07"},
    {file = "scipy-1.6.1-cp39-cp39-win32.whl", hash = "sha256:8e403a337749ed40af60e537cc4d4c03febddcc56cd26e774c9b1b600a70d3e4"},
    {file = "scipy-1.6.1-cp39-cp39-win_amd64.whl", hash = "sha256:a5193a098ae9f29af283dcf0041f762601faf2e595c0db1da929875b7570353f"},
    {file = "scipy-1.6.1.tar.gz", hash = "sha256:c4fceb864890b6168e79b0e714c585dbe2fd4222768ee90bc1aa0f8218691b11"},
]
six = [
    {file = "six-1.16.0-py2.py3-none-any.whl", hash = "sha256:8abb2f1d86890a2dfb989f9a77cfcfd3e47c2a354b01111771326f8aa26e0254"},
    {file = "six-1.16.0.tar.gz", hash = "sha256:1e61c37477a1626458e36f7b1d82aa5c9b094fa4802892072e49de9c60c4c926"},
]
sklearn = [
    {file = "sklearn-0.0.tar.gz", hash = "sha256:e23001573aa194b834122d2b9562459bf5ae494a2d59ca6b8aa22c85a44c0e31"},
]
sqlparse = [
    {file = "sqlparse-0.4.1-py3-none-any.whl", hash = "sha256:017cde379adbd6a1f15a61873f43e8274179378e95ef3fede90b5aa64d304ed0"},
    {file = "sqlparse-0.4.1.tar.gz", hash = "sha256:0f91fd2e829c44362cbcfab3e9ae12e22badaa8a29ad5ff599f9ec109f0454e8"},
]
textblob = [
    {file = "textblob-0.15.3-py2.py3-none-any.whl", hash = "sha256:b0eafd8b129c9b196c8128056caed891d64b7fa20ba570e1fcde438f4f7dd312"},
    {file = "textblob-0.15.3.tar.gz", hash = "sha256:7ff3c00cb5a85a30132ee6768b8c68cb2b9d76432fec18cd1b3ffe2f8594ec8c"},
]
threadpoolctl = [
    {file = "threadpoolctl-2.2.0-py3-none-any.whl", hash = "sha256:e5a995e3ffae202758fa8a90082e35783b9370699627ae2733cd1c3a73553616"},
    {file = "threadpoolctl-2.2.0.tar.gz", hash = "sha256:86d4b6801456d780e94681d155779058759eaef3c3564758b17b6c99db5f81cb"},
]
tomli = [
    {file = "tomli-1.0.4-py3-none-any.whl", hash = "sha256:0713b16ff91df8638a6a694e295c8159ab35ba93e3424a626dd5226d386057be"},
    {file = "tomli-1.0.4.tar.gz", hash = "sha256:be670d0d8d7570fd0ea0113bd7bb1ba3ac6706b4de062cc4c952769355c9c268"},
]
tqdm = [
    {file = "tqdm-4.62.0-py2.py3-none-any.whl", hash = "sha256:706dea48ee05ba16e936ee91cb3791cd2ea6da348a0e50b46863ff4363ff4340"},
    {file = "tqdm-4.62.0.tar.gz", hash = "sha256:3642d483b558eec80d3c831e23953582c34d7e4540db86d9e5ed9dad238dabc6"},
]
